
Microsoft Visual Studio Solution File, Format Version 12.00
# Visual Studio Version 17
VisualStudioVersion = 17.8.34525.116
MinimumVisualStudioVersion = 10.0.40219.1
Project("{FAE04EC0-301F-11D3-BF4B-00C04F79EFBC}") = "rpvs", "rpvs\rpvs.csproj", "{FC9D5FD8-2093-48F8-8CB0-DC79A63C49BE}"
EndProject
Project("{FAE04EC0-301F-11D3-BF4B-00C04F79EFBC}") = "ExportToExcel", "ExportToExcel\ExportToExcel.csproj", "{358F891E-03B0-4407-B814-FE134E1826CD}"
EndProject
Project("{FAE04EC0-301F-11D3-BF4B-00C04F79EFBC}") = "ExportToWord", "ExportToWord\ExportToWord.csproj", "{3E8A3853-5F66-4257-B940-FC40DB40670C}"
EndProject
Global
	GlobalSection(SolutionConfigurationPlatforms) = preSolution
		Debug|Any CPU = Debug|Any CPU
		Release|Any CPU = Release|Any CPU
	EndGlobalSection
	GlobalSection(ProjectConfigurationPlatforms) = postSolution
		{FC9D5FD8-2093-48F8-8CB0-DC79A63C49BE}.Debug|Any CPU.ActiveCfg = Debug|Any CPU
		{FC9D5FD8-2093-48F8-8CB0-DC79A63C49BE}.Debug|Any CPU.Build.0 = Debug|Any CPU
		{FC9D5FD8-2093-48F8-8CB0-DC79A63C49BE}.Release|Any CPU.ActiveCfg = Release|Any CPU
		{FC9D5FD8-2093-48F8-8CB0-DC79A63C49BE}.Release|Any CPU.Build.0 = Release|Any CPU
		{358F891E-03B0-4407-B814-FE134E1826CD}.Debug|Any CPU.ActiveCfg = Debug|Any CPU
		{358F891E-03B0-4407-B814-FE134E1826CD}.Debug|Any CPU.Build.0 = Debug|Any CPU
		{358F891E-03B0-4407-B814-FE134E1826CD}.Release|Any CPU.ActiveCfg = Release|Any CPU
		{358F891E-03B0-4407-B814-FE134E1826CD}.Release|Any CPU.Build.0 = Release|Any CPU
		{3E8A3853-5F66-4257-B940-FC40DB40670C}.Debug|Any CPU.ActiveCfg = Debug|Any CPU
		{3E8A3853-5F66-4257-B940-FC40DB40670C}.Debug|Any CPU.Build.0 = Debug|Any CPU
		{3E8A3853-5F66-4257-B940-FC40DB40670C}.Release|Any CPU.ActiveCfg = Release|Any CPU
		{3E8A3853-5F66-4257-B940-FC40DB40670C}.Release|Any CPU.Build.0 = Release|Any CPU
	EndGlobalSection
	GlobalSection(SolutionProperties) = preSolution
		HideSolutionNode = FALSE
	EndGlobalSection
	GlobalSection(ExtensibilityGlobals) = postSolution
		SolutionGuid = {A4C7B2C8-1545-4DEE-837C-8D07B0655AA3}
	EndGlobalSection
EndGlobal
